
Microsoft Visual Studio Solution File, Format Version 12.00
# Visual Studio Version 17
VisualStudioVersion = 17.4.33213.308
MinimumVisualStudioVersion = 10.0.40219.1
Project("{FAE04EC0-301F-11D3-BF4B-00C04F79EFBC}") = "WindowsFormsApp2", "WindowsFormsApp2\WindowsFormsApp2.csproj", "{A686386C-307D-45AC-BDBB-C9C3B2AAFD6C}"
EndProject
Global
	GlobalSection(SolutionConfigurationPlatforms) = preSolution
		Debug|Any CPU = Debug|Any CPU
		Release|Any CPU = Release|Any CPU
	EndGlobalSection
	GlobalSection(ProjectConfigurationPlatforms) = postSolution
		{A686386C-307D-45AC-BDBB-C9C3B2AAFD6C}.Debug|Any CPU.ActiveCfg = Debug|Any CPU
		{A686386C-307D-45AC-BDBB-C9C3B2AAFD6C}.Debug|Any CPU.Build.0 = Debug|Any CPU
		{A686386C-307D-45AC-BDBB-C9C3B2AAFD6C}.Release|Any CPU.ActiveCfg = Release|Any CPU
		{A686386C-307D-45AC-BDBB-C9C3B2AAFD6C}.Release|Any CPU.Build.0 = Release|Any CPU
	EndGlobalSection
	GlobalSection(SolutionProperties) = preSolution
		HideSolutionNode = FALSE
	EndGlobalSection
	GlobalSection(ExtensibilityGlobals) = postSolution
		SolutionGuid = {10CAAEE7-CC4B-4931-BC18-728423EE7A98}
	EndGlobalSection
EndGlobal
